// !$*UTF8*$!
{
	archiveVersion = 1;
	classes = {
	};
	objectVersion = 56;
	objects = {

/* Begin PBXBuildFile section */
		7E229D712AF9655B00FC4DA6 /* FavoriteButton.swift in Sources */ = {isa = PBXBuildFile; fileRef = 7E229D702AF9655B00FC4DA6 /* FavoriteButton.swift */; };
		7E9CB3182AD8564C007DF038 /* LandmarksApp.swift in Sources */ = {isa = PBXBuildFile; fileRef = 7E9CB3172AD8564C007DF038 /* LandmarksApp.swift */; };
		7E9CB31A2AD8564C007DF038 /* ContentView.swift in Sources */ = {isa = PBXBuildFile; fileRef = 7E9CB3192AD8564C007DF038 /* ContentView.swift */; };
		7E9CB31C2AD8564D007DF038 /* Assets.xcassets in Resources */ = {isa = PBXBuildFile; fileRef = 7E9CB31B2AD8564D007DF038 /* Assets.xcassets */; };
		7E9CB3202AD8564D007DF038 /* Preview Assets.xcassets in Resources */ = {isa = PBXBuildFile; fileRef = 7E9CB31F2AD8564D007DF038 /* Preview Assets.xcassets */; };
		7E9CB32A2AD8564D007DF038 /* LandmarksTests.swift in Sources */ = {isa = PBXBuildFile; fileRef = 7E9CB3292AD8564D007DF038 /* LandmarksTests.swift */; };
		7E9CB3342AD8564D007DF038 /* LandmarksUITests.swift in Sources */ = {isa = PBXBuildFile; fileRef = 7E9CB3332AD8564D007DF038 /* LandmarksUITests.swift */; };
		7E9CB3362AD8564D007DF038 /* LandmarksUITestsLaunchTests.swift in Sources */ = {isa = PBXBuildFile; fileRef = 7E9CB3352AD8564D007DF038 /* LandmarksUITestsLaunchTests.swift */; };
		7E9CB3432AD85B29007DF038 /* CircleImage.swift in Sources */ = {isa = PBXBuildFile; fileRef = 7E9CB3422AD85B29007DF038 /* CircleImage.swift */; };
		7E9CB3452AD85C04007DF038 /* MapView.swift in Sources */ = {isa = PBXBuildFile; fileRef = 7E9CB3442AD85C04007DF038 /* MapView.swift */; };
		7E9CB34B2ADDAFE4007DF038 /* Landmark.swift in Sources */ = {isa = PBXBuildFile; fileRef = 7E9CB34A2ADDAFE4007DF038 /* Landmark.swift */; };
		7E9CB3542ADDB29B007DF038 /* landmarkData.json in Resources */ = {isa = PBXBuildFile; fileRef = 7E9CB3532ADDB29A007DF038 /* landmarkData.json */; };
		7E9CB3562ADDB3AC007DF038 /* ModelData.swift in Sources */ = {isa = PBXBuildFile; fileRef = 7E9CB3552ADDB3AC007DF038 /* ModelData.swift */; };
		7E9CB3592ADDB4A2007DF038 /* LandmarkRow.swift in Sources */ = {isa = PBXBuildFile; fileRef = 7E9CB3582ADDB4A2007DF038 /* LandmarkRow.swift */; };
		7E9CB35B2ADDB710007DF038 /* LandmarkList.swift in Sources */ = {isa = PBXBuildFile; fileRef = 7E9CB35A2ADDB710007DF038 /* LandmarkList.swift */; };
		7E9CB35D2ADDB8EB007DF038 /* LandmarkDetail.swift in Sources */ = {isa = PBXBuildFile; fileRef = 7E9CB35C2ADDB8EB007DF038 /* LandmarkDetail.swift */; };
/* End PBXBuildFile section */

/* Begin PBXContainerItemProxy section */
		7E9CB3262AD8564D007DF038 /* PBXContainerItemProxy */ = {
			isa = PBXContainerItemProxy;
			containerPortal = 7E9CB30C2AD8564C007DF038 /* Project object */;
			proxyType = 1;
			remoteGlobalIDString = 7E9CB3132AD8564C007DF038;
			remoteInfo = Landmarks;
		};
		7E9CB3302AD8564D007DF038 /* PBXContainerItemProxy */ = {
			isa = PBXContainerItemProxy;
			containerPortal = 7E9CB30C2AD8564C007DF038 /* Project object */;
			proxyType = 1;
			remoteGlobalIDString = 7E9CB3132AD8564C007DF038;
			remoteInfo = Landmarks;
		};
/* End PBXContainerItemProxy section */

/* Begin PBXFileReference section */
		7E229D702AF9655B00FC4DA6 /* FavoriteButton.swift */ = {isa = PBXFileReference; lastKnownFileType = sourcecode.swift; path = FavoriteButton.swift; sourceTree = "<group>"; };
		7E9CB3142AD8564C007DF038 /* Landmarks.app */ = {isa = PBXFileReference; explicitFileType = wrapper.application; includeInIndex = 0; path = Landmarks.app; sourceTree = BUILT_PRODUCTS_DIR; };
		7E9CB3172AD8564C007DF038 /* LandmarksApp.swift */ = {isa = PBXFileReference; lastKnownFileType = sourcecode.swift; path = LandmarksApp.swift; sourceTree = "<group>"; };
		7E9CB3192AD8564C007DF038 /* ContentView.swift */ = {isa = PBXFileReference; lastKnownFileType = sourcecode.swift; path = ContentView.swift; sourceTree = "<group>"; };
		7E9CB31B2AD8564D007DF038 /* Assets.xcassets */ = {isa = PBXFileReference; lastKnownFileType = folder.assetcatalog; path = Assets.xcassets; sourceTree = "<group>"; };
		7E9CB31D2AD8564D007DF038 /* Landmarks.entitlements */ = {isa = PBXFileReference; lastKnownFileType = text.plist.entitlements; path = Landmarks.entitlements; sourceTree = "<group>"; };
		7E9CB31F2AD8564D007DF038 /* Preview Assets.xcassets */ = {isa = PBXFileReference; lastKnownFileType = folder.assetcatalog; path = "Preview Assets.xcassets"; sourceTree = "<group>"; };
		7E9CB3252AD8564D007DF038 /* LandmarksTests.xctest */ = {isa = PBXFileReference; explicitFileType = wrapper.cfbundle; includeInIndex = 0; path = LandmarksTests.xctest; sourceTree = BUILT_PRODUCTS_DIR; };
		7E9CB3292AD8564D007DF038 /* LandmarksTests.swift */ = {isa = PBXFileReference; lastKnownFileType = sourcecode.swift; path = LandmarksTests.swift; sourceTree = "<group>"; };
		7E9CB32F2AD8564D007DF038 /* LandmarksUITests.xctest */ = {isa = PBXFileReference; explicitFileType = wrapper.cfbundle; includeInIndex = 0; path = LandmarksUITests.xctest; sourceTree = BUILT_PRODUCTS_DIR; };
		7E9CB3332AD8564D007DF038 /* LandmarksUITests.swift */ = {isa = PBXFileReference; lastKnownFileType = sourcecode.swift; path = LandmarksUITests.swift; sourceTree = "<group>"; };
		7E9CB3352AD8564D007DF038 /* LandmarksUITestsLaunchTests.swift */ = {isa = PBXFileReference; lastKnownFileType = sourcecode.swift; path = LandmarksUITestsLaunchTests.swift; sourceTree = "<group>"; };
		7E9CB3422AD85B29007DF038 /* CircleImage.swift */ = {isa = PBXFileReference; lastKnownFileType = sourcecode.swift; path = CircleImage.swift; sourceTree = "<group>"; };
		7E9CB3442AD85C04007DF038 /* MapView.swift */ = {isa = PBXFileReference; lastKnownFileType = sourcecode.swift; path = MapView.swift; sourceTree = "<group>"; };
		7E9CB34A2ADDAFE4007DF038 /* Landmark.swift */ = {isa = PBXFileReference; lastKnownFileType = sourcecode.swift; path = Landmark.swift; sourceTree = "<group>"; };
		7E9CB3532ADDB29A007DF038 /* landmarkData.json */ = {isa = PBXFileReference; fileEncoding = 4; lastKnownFileType = text.json; path = landmarkData.json; sourceTree = "<group>"; };
		7E9CB3552ADDB3AC007DF038 /* ModelData.swift */ = {isa = PBXFileReference; lastKnownFileType = sourcecode.swift; path = ModelData.swift; sourceTree = "<group>"; };
		7E9CB3582ADDB4A2007DF038 /* LandmarkRow.swift */ = {isa = PBXFileReference; lastKnownFileType = sourcecode.swift; path = LandmarkRow.swift; sourceTree = "<group>"; };
		7E9CB35A2ADDB710007DF038 /* LandmarkList.swift */ = {isa = PBXFileReference; lastKnownFileType = sourcecode.swift; path = LandmarkList.swift; sourceTree = "<group>"; };
		7E9CB35C2ADDB8EB007DF038 /* LandmarkDetail.swift */ = {isa = PBXFileReference; lastKnownFileType = sourcecode.swift; path = LandmarkDetail.swift; sourceTree = "<group>"; };
/* End PBXFileReference section */

/* Begin PBXFrameworksBuildPhase section */
		7E9CB3112AD8564C007DF038 /* Frameworks */ = {
			isa = PBXFrameworksBuildPhase;
			buildActionMask = 2147483647;
			files = (
			);
			runOnlyForDeploymentPostprocessing = 0;
		};
		7E9CB3222AD8564D007DF038 /* Frameworks */ = {
			isa = PBXFrameworksBuildPhase;
			buildActionMask = 2147483647;
			files = (
			);
			runOnlyForDeploymentPostprocessing = 0;
		};
		7E9CB32C2AD8564D007DF038 /* Frameworks */ = {
			isa = PBXFrameworksBuildPhase;
			buildActionMask = 2147483647;
			files = (
			);
			runOnlyForDeploymentPostprocessing = 0;
		};
/* End PBXFrameworksBuildPhase section */

/* Begin PBXGroup section */
		7E229D752AF967EC00FC4DA6 /* Landmark */ = {
			isa = PBXGroup;
			children = (
				7E9CB35C2ADDB8EB007DF038 /* LandmarkDetail.swift */,
				7E9CB35A2ADDB710007DF038 /* LandmarkList.swift */,
				7E9CB3582ADDB4A2007DF038 /* LandmarkRow.swift */,
			);
			path = Landmark;
			sourceTree = "<group>";
		};
		7E229D762AF9680000FC4DA6 /* Helpers */ = {
			isa = PBXGroup;
			children = (
				7E9CB3422AD85B29007DF038 /* CircleImage.swift */,
				7E9CB3442AD85C04007DF038 /* MapView.swift */,
				7E229D702AF9655B00FC4DA6 /* FavoriteButton.swift */,
			);
			path = Helpers;
			sourceTree = "<group>";
		};
		7E9CB30B2AD8564C007DF038 = {
			isa = PBXGroup;
			children = (
				7E9CB3162AD8564C007DF038 /* Landmarks */,
				7E9CB3282AD8564D007DF038 /* LandmarksTests */,
				7E9CB3322AD8564D007DF038 /* LandmarksUITests */,
				7E9CB3152AD8564C007DF038 /* Products */,
			);
			sourceTree = "<group>";
		};
		7E9CB3152AD8564C007DF038 /* Products */ = {
			isa = PBXGroup;
			children = (
				7E9CB3142AD8564C007DF038 /* Landmarks.app */,
				7E9CB3252AD8564D007DF038 /* LandmarksTests.xctest */,
				7E9CB32F2AD8564D007DF038 /* LandmarksUITests.xctest */,
			);
			name = Products;
			sourceTree = "<group>";
		};
		7E9CB3162AD8564C007DF038 /* Landmarks */ = {
			isa = PBXGroup;
			children = (
				7E9CB3462AD925F3007DF038 /* Views */,
				7E9CB3492ADDAFD2007DF038 /* Model */,
				7E9CB3572ADDB42E007DF038 /* Resources */,
				7E9CB3172AD8564C007DF038 /* LandmarksApp.swift */,
				7E9CB31B2AD8564D007DF038 /* Assets.xcassets */,
				7E9CB31D2AD8564D007DF038 /* Landmarks.entitlements */,
				7E9CB31E2AD8564D007DF038 /* Preview Content */,
			);
			path = Landmarks;
			sourceTree = "<group>";
		};
		7E9CB31E2AD8564D007DF038 /* Preview Content */ = {
			isa = PBXGroup;
			children = (
				7E9CB31F2AD8564D007DF038 /* Preview Assets.xcassets */,
			);
			path = "Preview Content";
			sourceTree = "<group>";
		};
		7E9CB3282AD8564D007DF038 /* LandmarksTests */ = {
			isa = PBXGroup;
			children = (
				7E9CB3292AD8564D007DF038 /* LandmarksTests.swift */,
			);
			path = LandmarksTests;
			sourceTree = "<group>";
		};
		7E9CB3322AD8564D007DF038 /* LandmarksUITests */ = {
			isa = PBXGroup;
			children = (
				7E9CB3332AD8564D007DF038 /* LandmarksUITests.swift */,
				7E9CB3352AD8564D007DF038 /* LandmarksUITestsLaunchTests.swift */,
			);
			path = LandmarksUITests;
			sourceTree = "<group>";
		};
		7E9CB3462AD925F3007DF038 /* Views */ = {
			isa = PBXGroup;
			children = (
				7E9CB3192AD8564C007DF038 /* ContentView.swift */,
				7E229D762AF9680000FC4DA6 /* Helpers */,
				7E229D752AF967EC00FC4DA6 /* Landmark */,
			);
			path = Views;
			sourceTree = "<group>";
		};
		7E9CB3492ADDAFD2007DF038 /* Model */ = {
			isa = PBXGroup;
			children = (
				7E9CB34A2ADDAFE4007DF038 /* Landmark.swift */,
				7E9CB3552ADDB3AC007DF038 /* ModelData.swift */,
			);
			path = Model;
			sourceTree = "<group>";
		};
		7E9CB3572ADDB42E007DF038 /* Resources */ = {
			isa = PBXGroup;
			children = (
				7E9CB3532ADDB29A007DF038 /* landmarkData.json */,
			);
			path = Resources;
			sourceTree = "<group>";
		};
/* End PBXGroup section */

/* Begin PBXNativeTarget section */
		7E9CB3132AD8564C007DF038 /* Landmarks */ = {
			isa = PBXNativeTarget;
			buildConfigurationList = 7E9CB3392AD8564D007DF038 /* Build configuration list for PBXNativeTarget "Landmarks" */;
			buildPhases = (
				7E9CB3102AD8564C007DF038 /* Sources */,
				7E9CB3112AD8564C007DF038 /* Frameworks */,
				7E9CB3122AD8564C007DF038 /* Resources */,
			);
			buildRules = (
			);
			dependencies = (
			);
			name = Landmarks;
			productName = Landmarks;
			productReference = 7E9CB3142AD8564C007DF038 /* Landmarks.app */;
			productType = "com.apple.product-type.application";
		};
		7E9CB3242AD8564D007DF038 /* LandmarksTests */ = {
			isa = PBXNativeTarget;
			buildConfigurationList = 7E9CB33C2AD8564D007DF038 /* Build configuration list for PBXNativeTarget "LandmarksTests" */;
			buildPhases = (
				7E9CB3212AD8564D007DF038 /* Sources */,
				7E9CB3222AD8564D007DF038 /* Frameworks */,
				7E9CB3232AD8564D007DF038 /* Resources */,
			);
			buildRules = (
			);
			dependencies = (
				7E9CB3272AD8564D007DF038 /* PBXTargetDependency */,
			);
			name = LandmarksTests;
			productName = LandmarksTests;
			productReference = 7E9CB3252AD8564D007DF038 /* LandmarksTests.xctest */;
			productType = "com.apple.product-type.bundle.unit-test";
		};
		7E9CB32E2AD8564D007DF038 /* LandmarksUITests */ = {
			isa = PBXNativeTarget;
			buildConfigurationList = 7E9CB33F2AD8564D007DF038 /* Build configuration list for PBXNativeTarget "LandmarksUITests" */;
			buildPhases = (
				7E9CB32B2AD8564D007DF038 /* Sources */,
				7E9CB32C2AD8564D007DF038 /* Frameworks */,
				7E9CB32D2AD8564D007DF038 /* Resources */,
			);
			buildRules = (
			);
			dependencies = (
				7E9CB3312AD8564D007DF038 /* PBXTargetDependency */,
			);
			name = LandmarksUITests;
			productName = LandmarksUITests;
			productReference = 7E9CB32F2AD8564D007DF038 /* LandmarksUITests.xctest */;
			productType = "com.apple.product-type.bundle.ui-testing";
		};
/* End PBXNativeTarget section */

/* Begin PBXProject section */
		7E9CB30C2AD8564C007DF038 /* Project object */ = {
			isa = PBXProject;
			attributes = {
				BuildIndependentTargetsInParallel = 1;
				LastSwiftUpdateCheck = 1500;
				LastUpgradeCheck = 1500;
				TargetAttributes = {
					7E9CB3132AD8564C007DF038 = {
						CreatedOnToolsVersion = 15.0;
					};
					7E9CB3242AD8564D007DF038 = {
						CreatedOnToolsVersion = 15.0;
						TestTargetID = 7E9CB3132AD8564C007DF038;
					};
					7E9CB32E2AD8564D007DF038 = {
						CreatedOnToolsVersion = 15.0;
						TestTargetID = 7E9CB3132AD8564C007DF038;
					};
				};
			};
			buildConfigurationList = 7E9CB30F2AD8564C007DF038 /* Build configuration list for PBXProject "Landmarks" */;
			compatibilityVersion = "Xcode 14.0";
			developmentRegion = en;
			hasScannedForEncodings = 0;
			knownRegions = (
				en,
				Base,
			);
			mainGroup = 7E9CB30B2AD8564C007DF038;
			productRefGroup = 7E9CB3152AD8564C007DF038 /* Products */;
			projectDirPath = "";
			projectRoot = "";
			targets = (
				7E9CB3132AD8564C007DF038 /* Landmarks */,
				7E9CB3242AD8564D007DF038 /* LandmarksTests */,
				7E9CB32E2AD8564D007DF038 /* LandmarksUITests */,
			);
		};
/* End PBXProject section */

/* Begin PBXResourcesBuildPhase section */
		7E9CB3122AD8564C007DF038 /* Resources */ = {
			isa = PBXResourcesBuildPhase;
			buildActionMask = 2147483647;
			files = (
				7E9CB3202AD8564D007DF038 /* Preview Assets.xcassets in Resources */,
				7E9CB31C2AD8564D007DF038 /* Assets.xcassets in Resources */,
				7E9CB3542ADDB29B007DF038 /* landmarkData.json in Resources */,
			);
			runOnlyForDeploymentPostprocessing = 0;
		};
		7E9CB3232AD8564D007DF038 /* Resources */ = {
			isa = PBXResourcesBuildPhase;
			buildActionMask = 2147483647;
			files = (
			);
			runOnlyForDeploymentPostprocessing = 0;
		};
		7E9CB32D2AD8564D007DF038 /* Resources */ = {
			isa = PBXResourcesBuildPhase;
			buildActionMask = 2147483647;
			files = (
			);
			runOnlyForDeploymentPostprocessing = 0;
		};
/* End PBXResourcesBuildPhase section */

/* Begin PBXSourcesBuildPhase section */
		7E9CB3102AD8564C007DF038 /* Sources */ = {
			isa = PBXSourcesBuildPhase;
			buildActionMask = 2147483647;
			files = (
				7E9CB31A2AD8564C007DF038 /* ContentView.swift in Sources */,
				7E9CB3452AD85C04007DF038 /* MapView.swift in Sources */,
				7E9CB3182AD8564C007DF038 /* LandmarksApp.swift in Sources */,
				7E229D712AF9655B00FC4DA6 /* FavoriteButton.swift in Sources */,
				7E9CB35B2ADDB710007DF038 /* LandmarkList.swift in Sources */,
				7E9CB35D2ADDB8EB007DF038 /* LandmarkDetail.swift in Sources */,
				7E9CB3432AD85B29007DF038 /* CircleImage.swift in Sources */,
				7E9CB34B2ADDAFE4007DF038 /* Landmark.swift in Sources */,
				7E9CB3592ADDB4A2007DF038 /* LandmarkRow.swift in Sources */,
				7E9CB3562ADDB3AC007DF038 /* ModelData.swift in Sources */,
			);
			runOnlyForDeploymentPostprocessing = 0;
		};
		7E9CB3212AD8564D007DF038 /* Sources */ = {
			isa = PBXSourcesBuildPhase;
			buildActionMask = 2147483647;
			files = (
				7E9CB32A2AD8564D007DF038 /* LandmarksTests.swift in Sources */,
			);
			runOnlyForDeploymentPostprocessing = 0;
		};
		7E9CB32B2AD8564D007DF038 /* Sources */ = {
			isa = PBXSourcesBuildPhase;
			buildActionMask = 2147483647;
			files = (
				7E9CB3362AD8564D007DF038 /* LandmarksUITestsLaunchTests.swift in Sources */,
				7E9CB3342AD8564D007DF038 /* LandmarksUITests.swift in Sources */,
			);
			runOnlyForDeploymentPostprocessing = 0;
		};
/* End PBXSourcesBuildPhase section */

/* Begin PBXTargetDependency section */
		7E9CB3272AD8564D007DF038 /* PBXTargetDependency */ = {
			isa = PBXTargetDependency;
			target = 7E9CB3132AD8564C007DF038 /* Landmarks */;
			targetProxy = 7E9CB3262AD8564D007DF038 /* PBXContainerItemProxy */;
		};
		7E9CB3312AD8564D007DF038 /* PBXTargetDependency */ = {
			isa = PBXTargetDependency;
			target = 7E9CB3132AD8564C007DF038 /* Landmarks */;
			targetProxy = 7E9CB3302AD8564D007DF038 /* PBXContainerItemProxy */;
		};
/* End PBXTargetDependency section */

/* Begin XCBuildConfiguration section */
		7E9CB3372AD8564D007DF038 /* Debug */ = {
			isa = XCBuildConfiguration;
			buildSettings = {
				ALWAYS_SEARCH_USER_PATHS = NO;
				ASSETCATALOG_COMPILER_GENERATE_SWIFT_ASSET_SYMBOL_EXTENSIONS = YES;
				CLANG_ANALYZER_NONNULL = YES;
				CLANG_ANALYZER_NUMBER_OBJECT_CONVERSION = YES_AGGRESSIVE;
				CLANG_CXX_LANGUAGE_STANDARD = "gnu++20";
				CLANG_ENABLE_MODULES = YES;
				CLANG_ENABLE_OBJC_ARC = YES;
				CLANG_ENABLE_OBJC_WEAK = YES;
				CLANG_WARN_BLOCK_CAPTURE_AUTORELEASING = YES;
				CLANG_WARN_BOOL_CONVERSION = YES;
				CLANG_WARN_COMMA = YES;
				CLANG_WARN_CONSTANT_CONVERSION = YES;
				CLANG_WARN_DEPRECATED_OBJC_IMPLEMENTATIONS = YES;
				CLANG_WARN_DIRECT_OBJC_ISA_USAGE = YES_ERROR;
				CLANG_WARN_DOCUMENTATION_COMMENTS = YES;
				CLANG_WARN_EMPTY_BODY = YES;
				CLANG_WARN_ENUM_CONVERSION = YES;
				CLANG_WARN_INFINITE_RECURSION = YES;
				CLANG_WARN_INT_CONVERSION = YES;
				CLANG_WARN_NON_LITERAL_NULL_CONVERSION = YES;
				CLANG_WARN_OBJC_IMPLICIT_RETAIN_SELF = YES;
				CLANG_WARN_OBJC_LITERAL_CONVERSION = YES;
				CLANG_WARN_OBJC_ROOT_CLASS = YES_ERROR;
				CLANG_WARN_QUOTED_INCLUDE_IN_FRAMEWORK_HEADER = YES;
				CLANG_WARN_RANGE_LOOP_ANALYSIS = YES;
				CLANG_WARN_STRICT_PROTOTYPES = YES;
				CLANG_WARN_SUSPICIOUS_MOVE = YES;
				CLANG_WARN_UNGUARDED_AVAILABILITY = YES_AGGRESSIVE;
				CLANG_WARN_UNREACHABLE_CODE = YES;
				CLANG_WARN__DUPLICATE_METHOD_MATCH = YES;
				COPY_PHASE_STRIP = NO;
				DEBUG_INFORMATION_FORMAT = dwarf;
				ENABLE_STRICT_OBJC_MSGSEND = YES;
				ENABLE_TESTABILITY = YES;
				ENABLE_USER_SCRIPT_SANDBOXING = YES;
				GCC_C_LANGUAGE_STANDARD = gnu17;
				GCC_DYNAMIC_NO_PIC = NO;
				GCC_NO_COMMON_BLOCKS = YES;
				GCC_OPTIMIZATION_LEVEL = 0;
				GCC_PREPROCESSOR_DEFINITIONS = (
					"DEBUG=1",
					"$(inherited)",
				);
				GCC_WARN_64_TO_32_BIT_CONVERSION = YES;
				GCC_WARN_ABOUT_RETURN_TYPE = YES_ERROR;
				GCC_WARN_UNDECLARED_SELECTOR = YES;
				GCC_WARN_UNINITIALIZED_AUTOS = YES_AGGRESSIVE;
				GCC_WARN_UNUSED_FUNCTION = YES;
				GCC_WARN_UNUSED_VARIABLE = YES;
				LOCALIZATION_PREFERS_STRING_CATALOGS = YES;
				MTL_ENABLE_DEBUG_INFO = INCLUDE_SOURCE;
				MTL_FAST_MATH = YES;
				ONLY_ACTIVE_ARCH = YES;
				SWIFT_ACTIVE_COMPILATION_CONDITIONS = "DEBUG $(inherited)";
				SWIFT_OPTIMIZATION_LEVEL = "-Onone";
			};
			name = Debug;
		};
		7E9CB3382AD8564D007DF038 /* Release */ = {
			isa = XCBuildConfiguration;
			buildSettings = {
				ALWAYS_SEARCH_USER_PATHS = NO;
				ASSETCATALOG_COMPILER_GENERATE_SWIFT_ASSET_SYMBOL_EXTENSIONS = YES;
				CLANG_ANALYZER_NONNULL = YES;
				CLANG_ANALYZER_NUMBER_OBJECT_CONVERSION = YES_AGGRESSIVE;
				CLANG_CXX_LANGUAGE_STANDARD = "gnu++20";
				CLANG_ENABLE_MODULES = YES;
				CLANG_ENABLE_OBJC_ARC = YES;
				CLANG_ENABLE_OBJC_WEAK = YES;
				CLANG_WARN_BLOCK_CAPTURE_AUTORELEASING = YES;
				CLANG_WARN_BOOL_CONVERSION = YES;
				CLANG_WARN_COMMA = YES;
				CLANG_WARN_CONSTANT_CONVERSION = YES;
				CLANG_WARN_DEPRECATED_OBJC_IMPLEMENTATIONS = YES;
				CLANG_WARN_DIRECT_OBJC_ISA_USAGE = YES_ERROR;
				CLANG_WARN_DOCUMENTATION_COMMENTS = YES;
				CLANG_WARN_EMPTY_BODY = YES;
				CLANG_WARN_ENUM_CONVERSION = YES;
				CLANG_WARN_INFINITE_RECURSION = YES;
				CLANG_WARN_INT_CONVERSION = YES;
				CLANG_WARN_NON_LITERAL_NULL_CONVERSION = YES;
				CLANG_WARN_OBJC_IMPLICIT_RETAIN_SELF = YES;
				CLANG_WARN_OBJC_LITERAL_CONVERSION = YES;
				CLANG_WARN_OBJC_ROOT_CLASS = YES_ERROR;
				CLANG_WARN_QUOTED_INCLUDE_IN_FRAMEWORK_HEADER = YES;
				CLANG_WARN_RANGE_LOOP_ANALYSIS = YES;
				CLANG_WARN_STRICT_PROTOTYPES = YES;
				CLANG_WARN_SUSPICIOUS_MOVE = YES;
				CLANG_WARN_UNGUARDED_AVAILABILITY = YES_AGGRESSIVE;
				CLANG_WARN_UNREACHABLE_CODE = YES;
				CLANG_WARN__DUPLICATE_METHOD_MATCH = YES;
				COPY_PHASE_STRIP = NO;
				DEBUG_INFORMATION_FORMAT = "dwarf-with-dsym";
				ENABLE_NS_ASSERTIONS = NO;
				ENABLE_STRICT_OBJC_MSGSEND = YES;
				ENABLE_USER_SCRIPT_SANDBOXING = YES;
				GCC_C_LANGUAGE_STANDARD = gnu17;
				GCC_NO_COMMON_BLOCKS = YES;
				GCC_WARN_64_TO_32_BIT_CONVERSION = YES;
				GCC_WARN_ABOUT_RETURN_TYPE = YES_ERROR;
				GCC_WARN_UNDECLARED_SELECTOR = YES;
				GCC_WARN_UNINITIALIZED_AUTOS = YES_AGGRESSIVE;
				GCC_WARN_UNUSED_FUNCTION = YES;
				GCC_WARN_UNUSED_VARIABLE = YES;
				LOCALIZATION_PREFERS_STRING_CATALOGS = YES;
				MTL_ENABLE_DEBUG_INFO = NO;
				MTL_FAST_MATH = YES;
				SWIFT_COMPILATION_MODE = wholemodule;
			};
			name = Release;
		};
		7E9CB33A2AD8564D007DF038 /* Debug */ = {
			isa = XCBuildConfiguration;
			buildSettings = {
				ASSETCATALOG_COMPILER_APPICON_NAME = AppIcon;
				ASSETCATALOG_COMPILER_GLOBAL_ACCENT_COLOR_NAME = AccentColor;
				CODE_SIGN_ENTITLEMENTS = Landmarks/Landmarks.entitlements;
				CODE_SIGN_STYLE = Automatic;
				CURRENT_PROJECT_VERSION = 1;
				DEVELOPMENT_ASSET_PATHS = "\"Landmarks/Preview Content\"";
				ENABLE_PREVIEWS = YES;
				GENERATE_INFOPLIST_FILE = YES;
				"INFOPLIST_KEY_UIApplicationSceneManifest_Generation[sdk=iphoneos*]" = YES;
				"INFOPLIST_KEY_UIApplicationSceneManifest_Generation[sdk=iphonesimulator*]" = YES;
				"INFOPLIST_KEY_UIApplicationSupportsIndirectInputEvents[sdk=iphoneos*]" = YES;
				"INFOPLIST_KEY_UIApplicationSupportsIndirectInputEvents[sdk=iphonesimulator*]" = YES;
				"INFOPLIST_KEY_UILaunchScreen_Generation[sdk=iphoneos*]" = YES;
				"INFOPLIST_KEY_UILaunchScreen_Generation[sdk=iphonesimulator*]" = YES;
				"INFOPLIST_KEY_UIStatusBarStyle[sdk=iphoneos*]" = UIStatusBarStyleDefault;
				"INFOPLIST_KEY_UIStatusBarStyle[sdk=iphonesimulator*]" = UIStatusBarStyleDefault;
				INFOPLIST_KEY_UISupportedInterfaceOrientations_iPad = "UIInterfaceOrientationPortrait UIInterfaceOrientationPortraitUpsideDown UIInterfaceOrientationLandscapeLeft UIInterfaceOrientationLandscapeRight";
				INFOPLIST_KEY_UISupportedInterfaceOrientations_iPhone = "UIInterfaceOrientationPortrait UIInterfaceOrientationLandscapeLeft UIInterfaceOrientationLandscapeRight";
				IPHONEOS_DEPLOYMENT_TARGET = 17.0;
				LD_RUNPATH_SEARCH_PATHS = "@executable_path/Frameworks";
				"LD_RUNPATH_SEARCH_PATHS[sdk=macosx*]" = "@executable_path/../Frameworks";
				MACOSX_DEPLOYMENT_TARGET = 14.0;
				MARKETING_VERSION = 1.0;
				PRODUCT_BUNDLE_IDENTIFIER = com.uszkaisandor.Landmarks;
				PRODUCT_NAME = "$(TARGET_NAME)";
				SDKROOT = auto;
				SUPPORTED_PLATFORMS = "iphoneos iphonesimulator macosx";
				SWIFT_EMIT_LOC_STRINGS = YES;
				SWIFT_VERSION = 5.0;
				TARGETED_DEVICE_FAMILY = "1,2";
			};
			name = Debug;
		};
		7E9CB33B2AD8564D007DF038 /* Release */ = {
			isa = XCBuildConfiguration;
			buildSettings = {
				ASSETCATALOG_COMPILER_APPICON_NAME = AppIcon;
				ASSETCATALOG_COMPILER_GLOBAL_ACCENT_COLOR_NAME = AccentColor;
				CODE_SIGN_ENTITLEMENTS = Landmarks/Landmarks.entitlements;
				CODE_SIGN_STYLE = Automatic;
				CURRENT_PROJECT_VERSION = 1;
				DEVELOPMENT_ASSET_PATHS = "\"Landmarks/Preview Content\"";
				ENABLE_PREVIEWS = YES;
				GENERATE_INFOPLIST_FILE = YES;
				"INFOPLIST_KEY_UIApplicationSceneManifest_Generation[sdk=iphoneos*]" = YES;
				"INFOPLIST_KEY_UIApplicationSceneManifest_Generation[sdk=iphonesimulator*]" = YES;
				"INFOPLIST_KEY_UIApplicationSupportsIndirectInputEvents[sdk=iphoneos*]" = YES;
				"INFOPLIST_KEY_UIApplicationSupportsIndirectInputEvents[sdk=iphonesimulator*]" = YES;
				"INFOPLIST_KEY_UILaunchScreen_Generation[sdk=iphoneos*]" = YES;
				"INFOPLIST_KEY_UILaunchScreen_Generation[sdk=iphonesimulator*]" = YES;
				"INFOPLIST_KEY_UIStatusBarStyle[sdk=iphoneos*]" = UIStatusBarStyleDefault;
				"INFOPLIST_KEY_UIStatusBarStyle[sdk=iphonesimulator*]" = UIStatusBarStyleDefault;
				INFOPLIST_KEY_UISupportedInterfaceOrientations_iPad = "UIInterfaceOrientationPortrait UIInterfaceOrientationPortraitUpsideDown UIInterfaceOrientationLandscapeLeft UIInterfaceOrientationLandscapeRight";
				INFOPLIST_KEY_UISupportedInterfaceOrientations_iPhone = "UIInterfaceOrientationPortrait UIInterfaceOrientationLandscapeLeft UIInterfaceOrientationLandscapeRight";
				IPHONEOS_DEPLOYMENT_TARGET = 17.0;
				LD_RUNPATH_SEARCH_PATHS = "@executable_path/Frameworks";
				"LD_RUNPATH_SEARCH_PATHS[sdk=macosx*]" = "@executable_path/../Frameworks";
				MACOSX_DEPLOYMENT_TARGET = 14.0;
				MARKETING_VERSION = 1.0;
				PRODUCT_BUNDLE_IDENTIFIER = com.uszkaisandor.Landmarks;
				PRODUCT_NAME = "$(TARGET_NAME)";
				SDKROOT = auto;
				SUPPORTED_PLATFORMS = "iphoneos iphonesimulator macosx";
				SWIFT_EMIT_LOC_STRINGS = YES;
				SWIFT_VERSION = 5.0;
				TARGETED_DEVICE_FAMILY = "1,2";
			};
			name = Release;
		};
		7E9CB33D2AD8564D007DF038 /* Debug */ = {
			isa = XCBuildConfiguration;
			buildSettings = {
				ALWAYS_EMBED_SWIFT_STANDARD_LIBRARIES = YES;
				BUNDLE_LOADER = "$(TEST_HOST)";
				CODE_SIGN_STYLE = Automatic;
				CURRENT_PROJECT_VERSION = 1;
				GENERATE_INFOPLIST_FILE = YES;
				IPHONEOS_DEPLOYMENT_TARGET = 17.0;
				MACOSX_DEPLOYMENT_TARGET = 14.0;
				MARKETING_VERSION = 1.0;
				PRODUCT_BUNDLE_IDENTIFIER = com.uszkaisandor.LandmarksTests;
				PRODUCT_NAME = "$(TARGET_NAME)";
				SDKROOT = auto;
				SUPPORTED_PLATFORMS = "iphoneos iphonesimulator macosx";
				SWIFT_EMIT_LOC_STRINGS = NO;
				SWIFT_VERSION = 5.0;
				TARGETED_DEVICE_FAMILY = "1,2";
				TEST_HOST = "$(BUILT_PRODUCTS_DIR)/Landmarks.app/$(BUNDLE_EXECUTABLE_FOLDER_PATH)/Landmarks";
			};
			name = Debug;
		};
		7E9CB33E2AD8564D007DF038 /* Release */ = {
			isa = XCBuildConfiguration;
			buildSettings = {
				ALWAYS_EMBED_SWIFT_STANDARD_LIBRARIES = YES;
				BUNDLE_LOADER = "$(TEST_HOST)";
				CODE_SIGN_STYLE = Automatic;
				CURRENT_PROJECT_VERSION = 1;
				GENERATE_INFOPLIST_FILE = YES;
				IPHONEOS_DEPLOYMENT_TARGET = 17.0;
				MACOSX_DEPLOYMENT_TARGET = 14.0;
				MARKETING_VERSION = 1.0;
				PRODUCT_BUNDLE_IDENTIFIER = com.uszkaisandor.LandmarksTests;
				PRODUCT_NAME = "$(TARGET_NAME)";
				SDKROOT = auto;
				SUPPORTED_PLATFORMS = "iphoneos iphonesimulator macosx";
				SWIFT_EMIT_LOC_STRINGS = NO;
				SWIFT_VERSION = 5.0;
				TARGETED_DEVICE_FAMILY = "1,2";
				TEST_HOST = "$(BUILT_PRODUCTS_DIR)/Landmarks.app/$(BUNDLE_EXECUTABLE_FOLDER_PATH)/Landmarks";
			};
			name = Release;
		};
		7E9CB3402AD8564D007DF038 /* Debug */ = {
			isa = XCBuildConfiguration;
			buildSettings = {
				ALWAYS_EMBED_SWIFT_STANDARD_LIBRARIES = YES;
				CODE_SIGN_STYLE = Automatic;
				CURRENT_PROJECT_VERSION = 1;
				GENERATE_INFOPLIST_FILE = YES;
				IPHONEOS_DEPLOYMENT_TARGET = 17.0;
				MACOSX_DEPLOYMENT_TARGET = 14.0;
				MARKETING_VERSION = 1.0;
				PRODUCT_BUNDLE_IDENTIFIER = com.uszkaisandor.LandmarksUITests;
				PRODUCT_NAME = "$(TARGET_NAME)";
				SDKROOT = auto;
				SUPPORTED_PLATFORMS = "iphoneos iphonesimulator macosx";
				SWIFT_EMIT_LOC_STRINGS = NO;
				SWIFT_VERSION = 5.0;
				TARGETED_DEVICE_FAMILY = "1,2";
				TEST_TARGET_NAME = Landmarks;
			};
			name = Debug;
		};
		7E9CB3412AD8564D007DF038 /* Release */ = {
			isa = XCBuildConfiguration;
			buildSettings = {
				ALWAYS_EMBED_SWIFT_STANDARD_LIBRARIES = YES;
				CODE_SIGN_STYLE = Automatic;
				CURRENT_PROJECT_VERSION = 1;
				GENERATE_INFOPLIST_FILE = YES;
				IPHONEOS_DEPLOYMENT_TARGET = 17.0;
				MACOSX_DEPLOYMENT_TARGET = 14.0;
				MARKETING_VERSION = 1.0;
				PRODUCT_BUNDLE_IDENTIFIER = com.uszkaisandor.LandmarksUITests;
				PRODUCT_NAME = "$(TARGET_NAME)";
				SDKROOT = auto;
				SUPPORTED_PLATFORMS = "iphoneos iphonesimulator macosx";
				SWIFT_EMIT_LOC_STRINGS = NO;
				SWIFT_VERSION = 5.0;
				TARGETED_DEVICE_FAMILY = "1,2";
				TEST_TARGET_NAME = Landmarks;
			};
			name = Release;
		};
/* End XCBuildConfiguration section */

/* Begin XCConfigurationList section */
		7E9CB30F2AD8564C007DF038 /* Build configuration list for PBXProject "Landmarks" */ = {
			isa = XCConfigurationList;
			buildConfigurations = (
				7E9CB3372AD8564D007DF038 /* Debug */,
				7E9CB3382AD8564D007DF038 /* Release */,
			);
			defaultConfigurationIsVisible = 0;
			defaultConfigurationName = Release;
		};
		7E9CB3392AD8564D007DF038 /* Build configuration list for PBXNativeTarget "Landmarks" */ = {
			isa = XCConfigurationList;
			buildConfigurations = (
				7E9CB33A2AD8564D007DF038 /* Debug */,
				7E9CB33B2AD8564D007DF038 /* Release */,
			);
			defaultConfigurationIsVisible = 0;
			defaultConfigurationName = Release;
		};
		7E9CB33C2AD8564D007DF038 /* Build configuration list for PBXNativeTarget "LandmarksTests" */ = {
			isa = XCConfigurationList;
			buildConfigurations = (
				7E9CB33D2AD8564D007DF038 /* Debug */,
				7E9CB33E2AD8564D007DF038 /* Release */,
			);
			defaultConfigurationIsVisible = 0;
			defaultConfigurationName = Release;
		};
		7E9CB33F2AD8564D007DF038 /* Build configuration list for PBXNativeTarget "LandmarksUITests" */ = {
			isa = XCConfigurationList;
			buildConfigurations = (
				7E9CB3402AD8564D007DF038 /* Debug */,
				7E9CB3412AD8564D007DF038 /* Release */,
			);
			defaultConfigurationIsVisible = 0;
			defaultConfigurationName = Release;
		};
/* End XCConfigurationList section */
	};
	rootObject = 7E9CB30C2AD8564C007DF038 /* Project object */;
}
